// !$*UTF8*$!
{
	archiveVersion = 1;
	classes = {
	};
	objectVersion = 52;
	objects = {

/* Begin PBXBuildFile section */
		060E8284F48DDE529C997557 /* GetExchangesResponse.swift in Sources */ = {isa = PBXBuildFile; fileRef = 3C438150AD6BF2411CC7D8E5 /* GetExchangesResponse.swift */; };
		0D36BF7A7BDF58F7DC93439A /* ViewExtensions.swift in Sources */ = {isa = PBXBuildFile; fileRef = 7DC4E8DD73BD1B843AA3F759 /* ViewExtensions.swift */; };
		1219C97BE9BC9D4D6A222B96 /* Pods_MB.framework in Frameworks */ = {isa = PBXBuildFile; fileRef = 24266D61CA8064446E159F2C /* Pods_MB.framework */; };
		22300CE8B482AA8D6BDAF536 /* ExchangesViewController.swift in Sources */ = {isa = PBXBuildFile; fileRef = AE871518D78786E5AF44DD3A /* ExchangesViewController.swift */; };
		2357D324EB8BA43A6CD92996 /* GetExchangesRequest.swift in Sources */ = {isa = PBXBuildFile; fileRef = 4B49052EBC9CCDDCB2EE0B12 /* GetExchangesRequest.swift */; };
		2BE6D237ED207B36AF815E36 /* ExchangesViewModel.swift in Sources */ = {isa = PBXBuildFile; fileRef = DE7318BAB47F9564BA60A713 /* ExchangesViewModel.swift */; };
		3BEE0C4A6C14BA5EB4BD0DB8 /* Pods_MBTests.framework in Frameworks */ = {isa = PBXBuildFile; fileRef = 00A2A14E6199C76C8D4606A0 /* Pods_MBTests.framework */; };
		5552B6FB3291848A1DD21F27 /* Assets.xcassets in Resources */ = {isa = PBXBuildFile; fileRef = 2D63DFCFE85D6268FC49A204 /* Assets.xcassets */; };
		5671EAF361851412A337C4F6 /* WASAPIMock.swift in Sources */ = {isa = PBXBuildFile; fileRef = 8963E767AF4DF24A9B5996EC /* WASAPIMock.swift */; };
		64DA81F773B9253B605C6483 /* mbTests.swift in Sources */ = {isa = PBXBuildFile; fileRef = DEB86272FD34DF8EED3FF964 /* mbTests.swift */; };
		64F7C9E3B494D4D88E850B09 /* ExchangeRowViewModel.swift in Sources */ = {isa = PBXBuildFile; fileRef = 9A500356A39BEDA1266856ED /* ExchangeRowViewModel.swift */; };
		6D41D82002034341DD662C32 /* Environment.swift in Sources */ = {isa = PBXBuildFile; fileRef = 4C83A0E394192BEA7FC25AB0 /* Environment.swift */; };
		8A639C4AE9A9C3CA71B4B41D /* ExchangessProtocols.swift in Sources */ = {isa = PBXBuildFile; fileRef = 7105CFED476B8675AD6B32A5 /* ExchangessProtocols.swift */; };
		9ED2EE6D5CFB071EDE9F7F9D /* UIViewExtensions.swift in Sources */ = {isa = PBXBuildFile; fileRef = CB07D2EE3E06DEBA65A31D31 /* UIViewExtensions.swift */; };
		A7FCCC8A2B68A18100CC85E0 /* ExchangesViewControllerTests.swift in Sources */ = {isa = PBXBuildFile; fileRef = A7FCCC892B68A18100CC85E0 /* ExchangesViewControllerTests.swift */; };
		A7FCCC8C2B68A1E100CC85E0 /* ExchangesViewModelSpy.swift in Sources */ = {isa = PBXBuildFile; fileRef = A7FCCC8B2B68A1E100CC85E0 /* ExchangesViewModelSpy.swift */; };
		A7FCCC8F2B68A2CD00CC85E0 /* ExchangeRowViewModelMock.swift in Sources */ = {isa = PBXBuildFile; fileRef = A7FCCC8E2B68A2CD00CC85E0 /* ExchangeRowViewModelMock.swift */; };
		A7FCCC912B68A38F00CC85E0 /* ExchangesViewModelTests.swift in Sources */ = {isa = PBXBuildFile; fileRef = A7FCCC902B68A38F00CC85E0 /* ExchangesViewModelTests.swift */; };
		A7FCCC932B68A3F700CC85E0 /* ExchangesViewControllerSpy.swift in Sources */ = {isa = PBXBuildFile; fileRef = A7FCCC922B68A3F700CC85E0 /* ExchangesViewControllerSpy.swift */; };
		A7FCCC962B68C8E300CC85E0 /* MBErrorView.swift in Sources */ = {isa = PBXBuildFile; fileRef = A7FCCC952B68C8E300CC85E0 /* MBErrorView.swift */; };
		A7FCCCA02B6923B300CC85E0 /* DetailSectionViewModel.swift in Sources */ = {isa = PBXBuildFile; fileRef = A7FCCC982B6923B200CC85E0 /* DetailSectionViewModel.swift */; };
		A7FCCCA12B6923B300CC85E0 /* DetailRowViewModel.swift in Sources */ = {isa = PBXBuildFile; fileRef = A7FCCC992B6923B200CC85E0 /* DetailRowViewModel.swift */; };
		A7FCCCA22B6923B300CC85E0 /* DetailViewController.swift in Sources */ = {isa = PBXBuildFile; fileRef = A7FCCC9A2B6923B200CC85E0 /* DetailViewController.swift */; };
		A7FCCCA32B6923B300CC85E0 /* DetailProtocols.swift in Sources */ = {isa = PBXBuildFile; fileRef = A7FCCC9B2B6923B200CC85E0 /* DetailProtocols.swift */; };
		A7FCCCA42B6923B300CC85E0 /* DetailViewModel.swift in Sources */ = {isa = PBXBuildFile; fileRef = A7FCCC9C2B6923B200CC85E0 /* DetailViewModel.swift */; };
		A7FCCCA62B6923B300CC85E0 /* GetExchangesByIdRequest.swift in Sources */ = {isa = PBXBuildFile; fileRef = A7FCCC9F2B6923B200CC85E0 /* GetExchangesByIdRequest.swift */; };
		A7FCCCA82B69252200CC85E0 /* SkipBody.swift in Sources */ = {isa = PBXBuildFile; fileRef = A7FCCCA72B69252200CC85E0 /* SkipBody.swift */; };
		A7FCCCAB2B692D3500CC85E0 /* HeaderView.swift in Sources */ = {isa = PBXBuildFile; fileRef = A7FCCCAA2B692D3500CC85E0 /* HeaderView.swift */; };
		AADB5F776B310DA7F91EFD7B /* AppDelegate.swift in Sources */ = {isa = PBXBuildFile; fileRef = C76A873D3087CEECC1C11157 /* AppDelegate.swift */; };
		AE67FC5677694C868D0A653D /* ExchangeCell.swift in Sources */ = {isa = PBXBuildFile; fileRef = 20795F188F377E5F0F4FD1D1 /* ExchangeCell.swift */; };
		B15885D0803FE1D117145FFC /* LaunchScreen.storyboard in Resources */ = {isa = PBXBuildFile; fileRef = BBAE128DC8128714401C4DC4 /* LaunchScreen.storyboard */; };
		B3E12A70B4EFEAC1FF89A85D /* MBTableViewController.swift in Sources */ = {isa = PBXBuildFile; fileRef = 879E01868588F6F41BEA279E /* MBTableViewController.swift */; };
		EAB252081DBE1B449867B049 /* ResponseType.swift in Sources */ = {isa = PBXBuildFile; fileRef = C16A0D4830BB13D8CEE1CC07 /* ResponseType.swift */; };
/* End PBXBuildFile section */

/* Begin PBXContainerItemProxy section */
		22FB8BC8E744978A9B1B9803 /* PBXContainerItemProxy */ = {
			isa = PBXContainerItemProxy;
			containerPortal = 7CC92098E65AB169694E83BF /* Project object */;
			proxyType = 1;
			remoteGlobalIDString = B701684E40BB0853AA8F109C;
			remoteInfo = MB;
		};
/* End PBXContainerItemProxy section */

/* Begin PBXFileReference section */
		00A2A14E6199C76C8D4606A0 /* Pods_MBTests.framework */ = {isa = PBXFileReference; explicitFileType = wrapper.framework; includeInIndex = 0; path = Pods_MBTests.framework; sourceTree = BUILT_PRODUCTS_DIR; };
		19FFC21632CA1D5E544E7A9A /* Pods-MB.release.xcconfig */ = {isa = PBXFileReference; includeInIndex = 1; lastKnownFileType = text.xcconfig; name = "Pods-MB.release.xcconfig"; path = "Target Support Files/Pods-MB/Pods-MB.release.xcconfig"; sourceTree = "<group>"; };
		20795F188F377E5F0F4FD1D1 /* ExchangeCell.swift */ = {isa = PBXFileReference; lastKnownFileType = sourcecode.swift; path = ExchangeCell.swift; sourceTree = "<group>"; };
		24266D61CA8064446E159F2C /* Pods_MB.framework */ = {isa = PBXFileReference; explicitFileType = wrapper.framework; includeInIndex = 0; path = Pods_MB.framework; sourceTree = BUILT_PRODUCTS_DIR; };
		2B8446731108075DCB6CC383 /* Pods-MB.debug.xcconfig */ = {isa = PBXFileReference; includeInIndex = 1; lastKnownFileType = text.xcconfig; name = "Pods-MB.debug.xcconfig"; path = "Target Support Files/Pods-MB/Pods-MB.debug.xcconfig"; sourceTree = "<group>"; };
		2D63DFCFE85D6268FC49A204 /* Assets.xcassets */ = {isa = PBXFileReference; lastKnownFileType = folder.assetcatalog; path = Assets.xcassets; sourceTree = "<group>"; };
		3C438150AD6BF2411CC7D8E5 /* GetExchangesResponse.swift */ = {isa = PBXFileReference; lastKnownFileType = sourcecode.swift; path = GetExchangesResponse.swift; sourceTree = "<group>"; };
		4908AB15F40F218BE813B3C7 /* MB.app */ = {isa = PBXFileReference; includeInIndex = 0; lastKnownFileType = wrapper.application; path = MB.app; sourceTree = BUILT_PRODUCTS_DIR; };
		4B49052EBC9CCDDCB2EE0B12 /* GetExchangesRequest.swift */ = {isa = PBXFileReference; lastKnownFileType = sourcecode.swift; path = GetExchangesRequest.swift; sourceTree = "<group>"; };
		4C83A0E394192BEA7FC25AB0 /* Environment.swift */ = {isa = PBXFileReference; lastKnownFileType = sourcecode.swift; path = Environment.swift; sourceTree = "<group>"; };
		5A18ECDFF928F556C98CD292 /* Pods-MBTests.debug.xcconfig */ = {isa = PBXFileReference; includeInIndex = 1; lastKnownFileType = text.xcconfig; name = "Pods-MBTests.debug.xcconfig"; path = "Target Support Files/Pods-MBTests/Pods-MBTests.debug.xcconfig"; sourceTree = "<group>"; };
		7105CFED476B8675AD6B32A5 /* ExchangessProtocols.swift */ = {isa = PBXFileReference; lastKnownFileType = sourcecode.swift; path = ExchangessProtocols.swift; sourceTree = "<group>"; };
		7DC4E8DD73BD1B843AA3F759 /* ViewExtensions.swift */ = {isa = PBXFileReference; lastKnownFileType = sourcecode.swift; path = ViewExtensions.swift; sourceTree = "<group>"; };
		879E01868588F6F41BEA279E /* MBTableViewController.swift */ = {isa = PBXFileReference; lastKnownFileType = sourcecode.swift; path = MBTableViewController.swift; sourceTree = "<group>"; };
		8963E767AF4DF24A9B5996EC /* WASAPIMock.swift */ = {isa = PBXFileReference; lastKnownFileType = sourcecode.swift; path = WASAPIMock.swift; sourceTree = "<group>"; };
		9A500356A39BEDA1266856ED /* ExchangeRowViewModel.swift */ = {isa = PBXFileReference; lastKnownFileType = sourcecode.swift; path = ExchangeRowViewModel.swift; sourceTree = "<group>"; };
		A02A24685106CC4BA5E7B720 /* MBTests.xctest */ = {isa = PBXFileReference; includeInIndex = 0; lastKnownFileType = wrapper.cfbundle; path = MBTests.xctest; sourceTree = BUILT_PRODUCTS_DIR; };
		A7FCCC892B68A18100CC85E0 /* ExchangesViewControllerTests.swift */ = {isa = PBXFileReference; lastKnownFileType = sourcecode.swift; path = ExchangesViewControllerTests.swift; sourceTree = "<group>"; };
		A7FCCC8B2B68A1E100CC85E0 /* ExchangesViewModelSpy.swift */ = {isa = PBXFileReference; lastKnownFileType = sourcecode.swift; path = ExchangesViewModelSpy.swift; sourceTree = "<group>"; };
		A7FCCC8E2B68A2CD00CC85E0 /* ExchangeRowViewModelMock.swift */ = {isa = PBXFileReference; lastKnownFileType = sourcecode.swift; path = ExchangeRowViewModelMock.swift; sourceTree = "<group>"; };
		A7FCCC902B68A38F00CC85E0 /* ExchangesViewModelTests.swift */ = {isa = PBXFileReference; lastKnownFileType = sourcecode.swift; path = ExchangesViewModelTests.swift; sourceTree = "<group>"; };
		A7FCCC922B68A3F700CC85E0 /* ExchangesViewControllerSpy.swift */ = {isa = PBXFileReference; lastKnownFileType = sourcecode.swift; path = ExchangesViewControllerSpy.swift; sourceTree = "<group>"; };
		A7FCCC952B68C8E300CC85E0 /* MBErrorView.swift */ = {isa = PBXFileReference; lastKnownFileType = sourcecode.swift; path = MBErrorView.swift; sourceTree = "<group>"; };
		A7FCCC982B6923B200CC85E0 /* DetailSectionViewModel.swift */ = {isa = PBXFileReference; fileEncoding = 4; lastKnownFileType = sourcecode.swift; path = DetailSectionViewModel.swift; sourceTree = "<group>"; };
		A7FCCC992B6923B200CC85E0 /* DetailRowViewModel.swift */ = {isa = PBXFileReference; fileEncoding = 4; lastKnownFileType = sourcecode.swift; path = DetailRowViewModel.swift; sourceTree = "<group>"; };
		A7FCCC9A2B6923B200CC85E0 /* DetailViewController.swift */ = {isa = PBXFileReference; fileEncoding = 4; lastKnownFileType = sourcecode.swift; path = DetailViewController.swift; sourceTree = "<group>"; };
		A7FCCC9B2B6923B200CC85E0 /* DetailProtocols.swift */ = {isa = PBXFileReference; fileEncoding = 4; lastKnownFileType = sourcecode.swift; path = DetailProtocols.swift; sourceTree = "<group>"; };
		A7FCCC9C2B6923B200CC85E0 /* DetailViewModel.swift */ = {isa = PBXFileReference; fileEncoding = 4; lastKnownFileType = sourcecode.swift; path = DetailViewModel.swift; sourceTree = "<group>"; };
		A7FCCC9F2B6923B200CC85E0 /* GetExchangesByIdRequest.swift */ = {isa = PBXFileReference; fileEncoding = 4; lastKnownFileType = sourcecode.swift; path = GetExchangesByIdRequest.swift; sourceTree = "<group>"; };
		A7FCCCA72B69252200CC85E0 /* SkipBody.swift */ = {isa = PBXFileReference; fileEncoding = 4; lastKnownFileType = sourcecode.swift; path = SkipBody.swift; sourceTree = "<group>"; };
		A7FCCCAA2B692D3500CC85E0 /* HeaderView.swift */ = {isa = PBXFileReference; lastKnownFileType = sourcecode.swift; path = HeaderView.swift; sourceTree = "<group>"; };
		AE871518D78786E5AF44DD3A /* ExchangesViewController.swift */ = {isa = PBXFileReference; lastKnownFileType = sourcecode.swift; path = ExchangesViewController.swift; sourceTree = "<group>"; };
		C16A0D4830BB13D8CEE1CC07 /* ResponseType.swift */ = {isa = PBXFileReference; lastKnownFileType = sourcecode.swift; path = ResponseType.swift; sourceTree = "<group>"; };
		C76A873D3087CEECC1C11157 /* AppDelegate.swift */ = {isa = PBXFileReference; lastKnownFileType = sourcecode.swift; path = AppDelegate.swift; sourceTree = "<group>"; };
		C77DDA2F99FC25F5604FB108 /* Info.plist */ = {isa = PBXFileReference; lastKnownFileType = text.plist; path = Info.plist; sourceTree = "<group>"; };
		CA898FCFE1953F5FED6F1931 /* Info.plist */ = {isa = PBXFileReference; lastKnownFileType = text.plist; path = Info.plist; sourceTree = "<group>"; };
		CB07D2EE3E06DEBA65A31D31 /* UIViewExtensions.swift */ = {isa = PBXFileReference; lastKnownFileType = sourcecode.swift; path = UIViewExtensions.swift; sourceTree = "<group>"; };
		DCAE635D475F1D55463E8A65 /* Pods-MBTests.release.xcconfig */ = {isa = PBXFileReference; includeInIndex = 1; lastKnownFileType = text.xcconfig; name = "Pods-MBTests.release.xcconfig"; path = "Target Support Files/Pods-MBTests/Pods-MBTests.release.xcconfig"; sourceTree = "<group>"; };
		DE7318BAB47F9564BA60A713 /* ExchangesViewModel.swift */ = {isa = PBXFileReference; lastKnownFileType = sourcecode.swift; path = ExchangesViewModel.swift; sourceTree = "<group>"; };
		DEB86272FD34DF8EED3FF964 /* mbTests.swift */ = {isa = PBXFileReference; lastKnownFileType = sourcecode.swift; path = mbTests.swift; sourceTree = "<group>"; };
		E835B486A5A6F26DE6D63F2D /* Base */ = {isa = PBXFileReference; lastKnownFileType = file.storyboard; name = Base; path = Base.lproj/LaunchScreen.storyboard; sourceTree = "<group>"; };
/* End PBXFileReference section */

/* Begin PBXFrameworksBuildPhase section */
		0CB15DCCBA830D93B9F970D3 /* Frameworks */ = {
			isa = PBXFrameworksBuildPhase;
			buildActionMask = 2147483647;
			files = (
				1219C97BE9BC9D4D6A222B96 /* Pods_MB.framework in Frameworks */,
			);
			runOnlyForDeploymentPostprocessing = 0;
		};
		9E26BE27323F50AF1B7FA0AD /* Frameworks */ = {
			isa = PBXFrameworksBuildPhase;
			buildActionMask = 2147483647;
			files = (
				3BEE0C4A6C14BA5EB4BD0DB8 /* Pods_MBTests.framework in Frameworks */,
			);
			runOnlyForDeploymentPostprocessing = 0;
		};
/* End PBXFrameworksBuildPhase section */

/* Begin PBXGroup section */
		101E49450228BEB104A534DC /* Extensions */ = {
			isa = PBXGroup;
			children = (
				CB07D2EE3E06DEBA65A31D31 /* UIViewExtensions.swift */,
			);
			path = Extensions;
			sourceTree = "<group>";
		};
		572D7BD08168008726D5D644 /* Products */ = {
			isa = PBXGroup;
			children = (
				4908AB15F40F218BE813B3C7 /* MB.app */,
				A02A24685106CC4BA5E7B720 /* MBTests.xctest */,
			);
			name = Products;
			sourceTree = "<group>";
		};
		83429D4D24F02FA98603FE2A /* Commons */ = {
			isa = PBXGroup;
			children = (
				C16A0D4830BB13D8CEE1CC07 /* ResponseType.swift */,
				7DC4E8DD73BD1B843AA3F759 /* ViewExtensions.swift */,
				8963E767AF4DF24A9B5996EC /* WASAPIMock.swift */,
			);
			path = Commons;
			sourceTree = "<group>";
		};
		949D8CDD67580A45A0DA9FEC /* Exchanges */ = {
			isa = PBXGroup;
			children = (
				9A500356A39BEDA1266856ED /* ExchangeRowViewModel.swift */,
				7105CFED476B8675AD6B32A5 /* ExchangessProtocols.swift */,
				AE871518D78786E5AF44DD3A /* ExchangesViewController.swift */,
				DE7318BAB47F9564BA60A713 /* ExchangesViewModel.swift */,
				FA1BE30964FA16F93863B799 /* Views */,
			);
			path = Exchanges;
			sourceTree = "<group>";
		};
		954FDB5E37EBD8760F351BA4 /* Frameworks */ = {
			isa = PBXGroup;
			children = (
				24266D61CA8064446E159F2C /* Pods_MB.framework */,
				00A2A14E6199C76C8D4606A0 /* Pods_MBTests.framework */,
			);
			name = Frameworks;
			sourceTree = "<group>";
		};
		A0EF254BC10544D4E7A16797 /* API */ = {
			isa = PBXGroup;
			children = (
				A7FCCCA72B69252200CC85E0 /* SkipBody.swift */,
				A7FCCC9F2B6923B200CC85E0 /* GetExchangesByIdRequest.swift */,
				4B49052EBC9CCDDCB2EE0B12 /* GetExchangesRequest.swift */,
				3C438150AD6BF2411CC7D8E5 /* GetExchangesResponse.swift */,
			);
			path = API;
			sourceTree = "<group>";
		};
		A7FCCC872B68A15700CC85E0 /* Modules */ = {
			isa = PBXGroup;
			children = (
				A7FCCC882B68A16400CC85E0 /* Exchanges */,
			);
			path = Modules;
			sourceTree = "<group>";
		};
		A7FCCC882B68A16400CC85E0 /* Exchanges */ = {
			isa = PBXGroup;
			children = (
				A7FCCC8E2B68A2CD00CC85E0 /* ExchangeRowViewModelMock.swift */,
				A7FCCC892B68A18100CC85E0 /* ExchangesViewControllerTests.swift */,
				A7FCCC8B2B68A1E100CC85E0 /* ExchangesViewModelSpy.swift */,
				A7FCCC902B68A38F00CC85E0 /* ExchangesViewModelTests.swift */,
				A7FCCC922B68A3F700CC85E0 /* ExchangesViewControllerSpy.swift */,
			);
			path = Exchanges;
			sourceTree = "<group>";
		};
		A7FCCC8D2B68A2AF00CC85E0 /* Mocks */ = {
			isa = PBXGroup;
			children = (
			);
			path = Mocks;
			sourceTree = "<group>";
		};
		A7FCCC972B6923B200CC85E0 /* Detail */ = {
			isa = PBXGroup;
			children = (
				A7FCCCA92B692D2900CC85E0 /* Views */,
				A7FCCC982B6923B200CC85E0 /* DetailSectionViewModel.swift */,
				A7FCCC992B6923B200CC85E0 /* DetailRowViewModel.swift */,
				A7FCCC9A2B6923B200CC85E0 /* DetailViewController.swift */,
				A7FCCC9B2B6923B200CC85E0 /* DetailProtocols.swift */,
				A7FCCC9C2B6923B200CC85E0 /* DetailViewModel.swift */,
			);
			path = Detail;
			sourceTree = "<group>";
		};
		A7FCCCA92B692D2900CC85E0 /* Views */ = {
			isa = PBXGroup;
			children = (
				A7FCCCAA2B692D3500CC85E0 /* HeaderView.swift */,
			);
			path = Views;
			sourceTree = "<group>";
		};
		CBA252209549F5B80B63A54D = {
			isa = PBXGroup;
			children = (
				DD488F4B83BEB1EE170C1FC6 /* MB */,
				D1433BF1E4EDBC95AFA51F69 /* MBTests */,
				572D7BD08168008726D5D644 /* Products */,
				CBD554858D25A09EBEFAF644 /* Pods */,
				954FDB5E37EBD8760F351BA4 /* Frameworks */,
			);
			sourceTree = "<group>";
		};
		CBD554858D25A09EBEFAF644 /* Pods */ = {
			isa = PBXGroup;
			children = (
				2B8446731108075DCB6CC383 /* Pods-MB.debug.xcconfig */,
				19FFC21632CA1D5E544E7A9A /* Pods-MB.release.xcconfig */,
				5A18ECDFF928F556C98CD292 /* Pods-MBTests.debug.xcconfig */,
				DCAE635D475F1D55463E8A65 /* Pods-MBTests.release.xcconfig */,
			);
			path = Pods;
			sourceTree = "<group>";
		};
		CF74272894304ED666FD395B /* Base */ = {
			isa = PBXGroup;
			children = (
				879E01868588F6F41BEA279E /* MBTableViewController.swift */,
				A7FCCC952B68C8E300CC85E0 /* MBErrorView.swift */,
			);
			path = Base;
			sourceTree = "<group>";
		};
		D1433BF1E4EDBC95AFA51F69 /* MBTests */ = {
			isa = PBXGroup;
			children = (
				A7FCCC8D2B68A2AF00CC85E0 /* Mocks */,
				A7FCCC872B68A15700CC85E0 /* Modules */,
				CA898FCFE1953F5FED6F1931 /* Info.plist */,
				DEB86272FD34DF8EED3FF964 /* mbTests.swift */,
				83429D4D24F02FA98603FE2A /* Commons */,
			);
			path = MBTests;
			sourceTree = "<group>";
		};
		DD488F4B83BEB1EE170C1FC6 /* MB */ = {
			isa = PBXGroup;
			children = (
				C76A873D3087CEECC1C11157 /* AppDelegate.swift */,
				2D63DFCFE85D6268FC49A204 /* Assets.xcassets */,
				4C83A0E394192BEA7FC25AB0 /* Environment.swift */,
				C77DDA2F99FC25F5604FB108 /* Info.plist */,
				BBAE128DC8128714401C4DC4 /* LaunchScreen.storyboard */,
				A0EF254BC10544D4E7A16797 /* API */,
				CF74272894304ED666FD395B /* Base */,
				101E49450228BEB104A534DC /* Extensions */,
				E009FCB01F5B20A748B88CA2 /* Modules */,
			);
			path = MB;
			sourceTree = "<group>";
		};
		E009FCB01F5B20A748B88CA2 /* Modules */ = {
			isa = PBXGroup;
			children = (
				A7FCCC972B6923B200CC85E0 /* Detail */,
				949D8CDD67580A45A0DA9FEC /* Exchanges */,
			);
			path = Modules;
			sourceTree = "<group>";
		};
		FA1BE30964FA16F93863B799 /* Views */ = {
			isa = PBXGroup;
			children = (
				20795F188F377E5F0F4FD1D1 /* ExchangeCell.swift */,
			);
			path = Views;
			sourceTree = "<group>";
		};
/* End PBXGroup section */

/* Begin PBXNativeTarget section */
		4D00ED0BD0A22C7F4A0A8560 /* MBTests */ = {
			isa = PBXNativeTarget;
			buildConfigurationList = 4E5A32B48A4A739FF441ECBF /* Build configuration list for PBXNativeTarget "MBTests" */;
			buildPhases = (
				A5A45DA98C9C962C7441E620 /* [CP] Check Pods Manifest.lock */,
				B87306904BA7DA81BAE68A80 /* Sources */,
				9E26BE27323F50AF1B7FA0AD /* Frameworks */,
			);
			buildRules = (
			);
			dependencies = (
				C64B8855B98B244F43A423E3 /* PBXTargetDependency */,
			);
			name = MBTests;
			productName = MBTests;
			productReference = A02A24685106CC4BA5E7B720 /* MBTests.xctest */;
			productType = "com.apple.product-type.bundle.unit-test";
		};
		B701684E40BB0853AA8F109C /* MB */ = {
			isa = PBXNativeTarget;
			buildConfigurationList = A1CB1F97533133F67D3F14F9 /* Build configuration list for PBXNativeTarget "MB" */;
			buildPhases = (
				8F9CB0DEF633FA66078AB174 /* [CP] Check Pods Manifest.lock */,
				071A3366F7E9D88D17467E89 /* Sources */,
				0E7D12335AF12C8467D30307 /* Resources */,
				0CB15DCCBA830D93B9F970D3 /* Frameworks */,
				5A9F70A443769C8DC2E22FD6 /* [CP] Embed Pods Frameworks */,
			);
			buildRules = (
			);
			dependencies = (
			);
			name = MB;
			productName = MB;
			productReference = 4908AB15F40F218BE813B3C7 /* MB.app */;
			productType = "com.apple.product-type.application";
		};
/* End PBXNativeTarget section */

/* Begin PBXProject section */
		7CC92098E65AB169694E83BF /* Project object */ = {
			isa = PBXProject;
			attributes = {
				LastUpgradeCheck = 1500;
				TargetAttributes = {
					B701684E40BB0853AA8F109C = {
						DevelopmentTeam = "";
						ProvisioningStyle = Manual;
					};
				};
			};
			buildConfigurationList = D017C12DC18087EEC1326710 /* Build configuration list for PBXProject "MB" */;
			compatibilityVersion = "Xcode 11.0";
			developmentRegion = en;
			hasScannedForEncodings = 0;
			knownRegions = (
				Base,
				en,
			);
			mainGroup = CBA252209549F5B80B63A54D;
			productRefGroup = 572D7BD08168008726D5D644 /* Products */;
			projectDirPath = "";
			projectRoot = "";
			targets = (
				B701684E40BB0853AA8F109C /* MB */,
				4D00ED0BD0A22C7F4A0A8560 /* MBTests */,
			);
		};
/* End PBXProject section */

/* Begin PBXResourcesBuildPhase section */
		0E7D12335AF12C8467D30307 /* Resources */ = {
			isa = PBXResourcesBuildPhase;
			buildActionMask = 2147483647;
			files = (
				5552B6FB3291848A1DD21F27 /* Assets.xcassets in Resources */,
				B15885D0803FE1D117145FFC /* LaunchScreen.storyboard in Resources */,
			);
			runOnlyForDeploymentPostprocessing = 0;
		};
/* End PBXResourcesBuildPhase section */

/* Begin PBXShellScriptBuildPhase section */
		5A9F70A443769C8DC2E22FD6 /* [CP] Embed Pods Frameworks */ = {
			isa = PBXShellScriptBuildPhase;
			buildActionMask = 2147483647;
			files = (
			);
			inputFileListPaths = (
				"${PODS_ROOT}/Target Support Files/Pods-MB/Pods-MB-frameworks-${CONFIGURATION}-input-files.xcfilelist",
			);
			name = "[CP] Embed Pods Frameworks";
			outputFileListPaths = (
				"${PODS_ROOT}/Target Support Files/Pods-MB/Pods-MB-frameworks-${CONFIGURATION}-output-files.xcfilelist",
			);
			runOnlyForDeploymentPostprocessing = 0;
			shellPath = /bin/sh;
			shellScript = "\"${PODS_ROOT}/Target Support Files/Pods-MB/Pods-MB-frameworks.sh\"\n";
			showEnvVarsInLog = 0;
		};
		8F9CB0DEF633FA66078AB174 /* [CP] Check Pods Manifest.lock */ = {
			isa = PBXShellScriptBuildPhase;
			buildActionMask = 2147483647;
			files = (
			);
			inputFileListPaths = (
			);
			inputPaths = (
				"${PODS_PODFILE_DIR_PATH}/Podfile.lock",
				"${PODS_ROOT}/Manifest.lock",
			);
			name = "[CP] Check Pods Manifest.lock";
			outputFileListPaths = (
			);
			outputPaths = (
				"$(DERIVED_FILE_DIR)/Pods-MB-checkManifestLockResult.txt",
			);
			runOnlyForDeploymentPostprocessing = 0;
			shellPath = /bin/sh;
			shellScript = "diff \"${PODS_PODFILE_DIR_PATH}/Podfile.lock\" \"${PODS_ROOT}/Manifest.lock\" > /dev/null\nif [ $? != 0 ] ; then\n    # print error to STDERR\n    echo \"error: The sandbox is not in sync with the Podfile.lock. Run 'pod install' or update your CocoaPods installation.\" >&2\n    exit 1\nfi\n# This output is used by Xcode 'outputs' to avoid re-running this script phase.\necho \"SUCCESS\" > \"${SCRIPT_OUTPUT_FILE_0}\"\n";
			showEnvVarsInLog = 0;
		};
		A5A45DA98C9C962C7441E620 /* [CP] Check Pods Manifest.lock */ = {
			isa = PBXShellScriptBuildPhase;
			buildActionMask = 2147483647;
			files = (
			);
			inputFileListPaths = (
			);
			inputPaths = (
				"${PODS_PODFILE_DIR_PATH}/Podfile.lock",
				"${PODS_ROOT}/Manifest.lock",
			);
			name = "[CP] Check Pods Manifest.lock";
			outputFileListPaths = (
			);
			outputPaths = (
				"$(DERIVED_FILE_DIR)/Pods-MBTests-checkManifestLockResult.txt",
			);
			runOnlyForDeploymentPostprocessing = 0;
			shellPath = /bin/sh;
			shellScript = "diff \"${PODS_PODFILE_DIR_PATH}/Podfile.lock\" \"${PODS_ROOT}/Manifest.lock\" > /dev/null\nif [ $? != 0 ] ; then\n    # print error to STDERR\n    echo \"error: The sandbox is not in sync with the Podfile.lock. Run 'pod install' or update your CocoaPods installation.\" >&2\n    exit 1\nfi\n# This output is used by Xcode 'outputs' to avoid re-running this script phase.\necho \"SUCCESS\" > \"${SCRIPT_OUTPUT_FILE_0}\"\n";
			showEnvVarsInLog = 0;
		};
/* End PBXShellScriptBuildPhase section */

/* Begin PBXSourcesBuildPhase section */
		071A3366F7E9D88D17467E89 /* Sources */ = {
			isa = PBXSourcesBuildPhase;
			buildActionMask = 2147483647;
			files = (
				A7FCCCA42B6923B300CC85E0 /* DetailViewModel.swift in Sources */,
				AADB5F776B310DA7F91EFD7B /* AppDelegate.swift in Sources */,
				A7FCCCA82B69252200CC85E0 /* SkipBody.swift in Sources */,
				6D41D82002034341DD662C32 /* Environment.swift in Sources */,
				AE67FC5677694C868D0A653D /* ExchangeCell.swift in Sources */,
				64F7C9E3B494D4D88E850B09 /* ExchangeRowViewModel.swift in Sources */,
				22300CE8B482AA8D6BDAF536 /* ExchangesViewController.swift in Sources */,
				2BE6D237ED207B36AF815E36 /* ExchangesViewModel.swift in Sources */,
				8A639C4AE9A9C3CA71B4B41D /* ExchangessProtocols.swift in Sources */,
				2357D324EB8BA43A6CD92996 /* GetExchangesRequest.swift in Sources */,
				A7FCCCA32B6923B300CC85E0 /* DetailProtocols.swift in Sources */,
				A7FCCCA12B6923B300CC85E0 /* DetailRowViewModel.swift in Sources */,
				A7FCCC962B68C8E300CC85E0 /* MBErrorView.swift in Sources */,
				A7FCCCA02B6923B300CC85E0 /* DetailSectionViewModel.swift in Sources */,
				A7FCCCA62B6923B300CC85E0 /* GetExchangesByIdRequest.swift in Sources */,
				A7FCCCAB2B692D3500CC85E0 /* HeaderView.swift in Sources */,
				060E8284F48DDE529C997557 /* GetExchangesResponse.swift in Sources */,
				A7FCCCA22B6923B300CC85E0 /* DetailViewController.swift in Sources */,
				B3E12A70B4EFEAC1FF89A85D /* MBTableViewController.swift in Sources */,
				9ED2EE6D5CFB071EDE9F7F9D /* UIViewExtensions.swift in Sources */,
			);
			runOnlyForDeploymentPostprocessing = 0;
		};
		B87306904BA7DA81BAE68A80 /* Sources */ = {
			isa = PBXSourcesBuildPhase;
			buildActionMask = 2147483647;
			files = (
				A7FCCC8C2B68A1E100CC85E0 /* ExchangesViewModelSpy.swift in Sources */,
				EAB252081DBE1B449867B049 /* ResponseType.swift in Sources */,
				A7FCCC932B68A3F700CC85E0 /* ExchangesViewControllerSpy.swift in Sources */,
				0D36BF7A7BDF58F7DC93439A /* ViewExtensions.swift in Sources */,
				A7FCCC8F2B68A2CD00CC85E0 /* ExchangeRowViewModelMock.swift in Sources */,
				5671EAF361851412A337C4F6 /* WASAPIMock.swift in Sources */,
				A7FCCC912B68A38F00CC85E0 /* ExchangesViewModelTests.swift in Sources */,
				A7FCCC8A2B68A18100CC85E0 /* ExchangesViewControllerTests.swift in Sources */,
				64DA81F773B9253B605C6483 /* mbTests.swift in Sources */,
			);
			runOnlyForDeploymentPostprocessing = 0;
		};
/* End PBXSourcesBuildPhase section */

/* Begin PBXTargetDependency section */
		C64B8855B98B244F43A423E3 /* PBXTargetDependency */ = {
			isa = PBXTargetDependency;
			target = B701684E40BB0853AA8F109C /* MB */;
			targetProxy = 22FB8BC8E744978A9B1B9803 /* PBXContainerItemProxy */;
		};
/* End PBXTargetDependency section */

/* Begin PBXVariantGroup section */
		BBAE128DC8128714401C4DC4 /* LaunchScreen.storyboard */ = {
			isa = PBXVariantGroup;
			children = (
				E835B486A5A6F26DE6D63F2D /* Base */,
			);
			name = LaunchScreen.storyboard;
			sourceTree = "<group>";
		};
/* End PBXVariantGroup section */

/* Begin XCBuildConfiguration section */
		099FD3B5E66C5405512BA8D2 /* Release */ = {
			isa = XCBuildConfiguration;
			buildSettings = {
				ALWAYS_EMBED_SWIFT_STANDARD_LIBRARIES = YES;
				ALWAYS_SEARCH_USER_PATHS = NO;
				CLANG_ANALYZER_NONNULL = YES;
				CLANG_ANALYZER_NUMBER_OBJECT_CONVERSION = YES_AGGRESSIVE;
				CLANG_CXX_LANGUAGE_STANDARD = "gnu++14";
				CLANG_CXX_LIBRARY = "libc++";
				CLANG_ENABLE_MODULES = YES;
				CLANG_ENABLE_OBJC_ARC = YES;
				CLANG_ENABLE_OBJC_WEAK = YES;
				CLANG_WARN_BLOCK_CAPTURE_AUTORELEASING = YES;
				CLANG_WARN_BOOL_CONVERSION = YES;
				CLANG_WARN_COMMA = YES;
				CLANG_WARN_CONSTANT_CONVERSION = YES;
				CLANG_WARN_DEPRECATED_OBJC_IMPLEMENTATIONS = YES;
				CLANG_WARN_DIRECT_OBJC_ISA_USAGE = YES_ERROR;
				CLANG_WARN_DOCUMENTATION_COMMENTS = YES;
				CLANG_WARN_EMPTY_BODY = YES;
				CLANG_WARN_ENUM_CONVERSION = YES;
				CLANG_WARN_INFINITE_RECURSION = YES;
				CLANG_WARN_INT_CONVERSION = YES;
				CLANG_WARN_NON_LITERAL_NULL_CONVERSION = YES;
				CLANG_WARN_OBJC_IMPLICIT_RETAIN_SELF = YES;
				CLANG_WARN_OBJC_LITERAL_CONVERSION = YES;
				CLANG_WARN_OBJC_ROOT_CLASS = YES_ERROR;
				CLANG_WARN_QUOTED_INCLUDE_IN_FRAMEWORK_HEADER = YES;
				CLANG_WARN_RANGE_LOOP_ANALYSIS = YES;
				CLANG_WARN_STRICT_PROTOTYPES = YES;
				CLANG_WARN_SUSPICIOUS_MOVE = YES;
				CLANG_WARN_UNGUARDED_AVAILABILITY = YES_AGGRESSIVE;
				CLANG_WARN_UNREACHABLE_CODE = YES;
				CLANG_WARN__DUPLICATE_METHOD_MATCH = YES;
				CODE_SIGN_IDENTITY = "iPhone Developer";
				COPY_PHASE_STRIP = NO;
				DEBUG_INFORMATION_FORMAT = "dwarf-with-dsym";
				ENABLE_NS_ASSERTIONS = NO;
				ENABLE_STRICT_OBJC_MSGSEND = YES;
				GCC_C_LANGUAGE_STANDARD = gnu11;
				GCC_NO_COMMON_BLOCKS = YES;
				GCC_WARN_64_TO_32_BIT_CONVERSION = YES;
				GCC_WARN_ABOUT_RETURN_TYPE = YES_ERROR;
				GCC_WARN_UNDECLARED_SELECTOR = YES;
				GCC_WARN_UNINITIALIZED_AUTOS = YES_AGGRESSIVE;
				GCC_WARN_UNUSED_FUNCTION = YES;
				GCC_WARN_UNUSED_VARIABLE = YES;
				IPHONEOS_DEPLOYMENT_TARGET = 17.0;
				MARKETING_VERSION = 1.0.0;
				MTL_ENABLE_DEBUG_INFO = NO;
				MTL_FAST_MATH = YES;
				PRODUCT_NAME = "$(TARGET_NAME)";
				SDKROOT = iphoneos;
				SWIFT_COMPILATION_MODE = wholemodule;
				SWIFT_OPTIMIZATION_LEVEL = "-O";
				SWIFT_VERSION = 5.0;
				VERSIONING_SYSTEM = "apple-generic";
			};
			name = Release;
		};
		461DCBD64B53203391D5B429 /* Debug */ = {
			isa = XCBuildConfiguration;
			baseConfigurationReference = 2B8446731108075DCB6CC383 /* Pods-MB.debug.xcconfig */;
			buildSettings = {
				ASSETCATALOG_COMPILER_APPICON_NAME = AppIcon;
				CODE_SIGN_IDENTITY = "iPhone Developer";
				CODE_SIGN_STYLE = Manual;
				DEVELOPMENT_TEAM = "";
				INFOPLIST_FILE = MB/Info.plist;
				IPHONEOS_DEPLOYMENT_TARGET = 17.0;
				LD_RUNPATH_SEARCH_PATHS = (
					"$(inherited)",
					"@executable_path/Frameworks",
				);
				PRODUCT_BUNDLE_IDENTIFIER = br.com.wagnersales.MB;
				SDKROOT = iphoneos;
				TARGETED_DEVICE_FAMILY = "1,2";
			};
			name = Debug;
		};
		937447147CA66648882A2E48 /* Release */ = {
			isa = XCBuildConfiguration;
			baseConfigurationReference = DCAE635D475F1D55463E8A65 /* Pods-MBTests.release.xcconfig */;
			buildSettings = {
				BUNDLE_LOADER = "$(TEST_HOST)";
				INFOPLIST_FILE = MBTests/Info.plist;
				LD_RUNPATH_SEARCH_PATHS = (
					"$(inherited)",
					"@executable_path/Frameworks",
					"@loader_path/Frameworks",
				);
				SDKROOT = iphoneos;
				TARGETED_DEVICE_FAMILY = "1,2";
				TEST_HOST = "$(BUILT_PRODUCTS_DIR)/MB.app/MB";
			};
			name = Release;
		};
		A7FD843979671D2C5991898A /* Release */ = {
			isa = XCBuildConfiguration;
			baseConfigurationReference = 19FFC21632CA1D5E544E7A9A /* Pods-MB.release.xcconfig */;
			buildSettings = {
				ASSETCATALOG_COMPILER_APPICON_NAME = AppIcon;
				CODE_SIGN_IDENTITY = "iPhone Developer";
				CODE_SIGN_STYLE = Manual;
				DEVELOPMENT_TEAM = "";
				INFOPLIST_FILE = MB/Info.plist;
				IPHONEOS_DEPLOYMENT_TARGET = 17.0;
				LD_RUNPATH_SEARCH_PATHS = (
					"$(inherited)",
					"@executable_path/Frameworks",
				);
				PRODUCT_BUNDLE_IDENTIFIER = br.com.wagnersales.MB;
				SDKROOT = iphoneos;
				TARGETED_DEVICE_FAMILY = "1,2";
			};
			name = Release;
		};
		E4AB9D1B108F5CDEE7F6BF9D /* Debug */ = {
			isa = XCBuildConfiguration;
			baseConfigurationReference = 5A18ECDFF928F556C98CD292 /* Pods-MBTests.debug.xcconfig */;
			buildSettings = {
				BUNDLE_LOADER = "$(TEST_HOST)";
				INFOPLIST_FILE = MBTests/Info.plist;
				LD_RUNPATH_SEARCH_PATHS = (
					"$(inherited)",
					"@executable_path/Frameworks",
					"@loader_path/Frameworks",
				);
				SDKROOT = iphoneos;
				TARGETED_DEVICE_FAMILY = "1,2";
				TEST_HOST = "$(BUILT_PRODUCTS_DIR)/MB.app/MB";
			};
			name = Debug;
		};
		ED818F5540E5022D49640D00 /* Debug */ = {
			isa = XCBuildConfiguration;
			buildSettings = {
				ALWAYS_EMBED_SWIFT_STANDARD_LIBRARIES = YES;
				ALWAYS_SEARCH_USER_PATHS = NO;
				CLANG_ANALYZER_NONNULL = YES;
				CLANG_ANALYZER_NUMBER_OBJECT_CONVERSION = YES_AGGRESSIVE;
				CLANG_CXX_LANGUAGE_STANDARD = "gnu++14";
				CLANG_CXX_LIBRARY = "libc++";
				CLANG_ENABLE_MODULES = YES;
				CLANG_ENABLE_OBJC_ARC = YES;
				CLANG_ENABLE_OBJC_WEAK = YES;
				CLANG_WARN_BLOCK_CAPTURE_AUTORELEASING = YES;
				CLANG_WARN_BOOL_CONVERSION = YES;
				CLANG_WARN_COMMA = YES;
				CLANG_WARN_CONSTANT_CONVERSION = YES;
				CLANG_WARN_DEPRECATED_OBJC_IMPLEMENTATIONS = YES;
				CLANG_WARN_DIRECT_OBJC_ISA_USAGE = YES_ERROR;
				CLANG_WARN_DOCUMENTATION_COMMENTS = YES;
				CLANG_WARN_EMPTY_BODY = YES;
				CLANG_WARN_ENUM_CONVERSION = YES;
				CLANG_WARN_INFINITE_RECURSION = YES;
				CLANG_WARN_INT_CONVERSION = YES;
				CLANG_WARN_NON_LITERAL_NULL_CONVERSION = YES;
				CLANG_WARN_OBJC_IMPLICIT_RETAIN_SELF = YES;
				CLANG_WARN_OBJC_LITERAL_CONVERSION = YES;
				CLANG_WARN_OBJC_ROOT_CLASS = YES_ERROR;
				CLANG_WARN_QUOTED_INCLUDE_IN_FRAMEWORK_HEADER = YES;
				CLANG_WARN_RANGE_LOOP_ANALYSIS = YES;
				CLANG_WARN_STRICT_PROTOTYPES = YES;
				CLANG_WARN_SUSPICIOUS_MOVE = YES;
				CLANG_WARN_UNGUARDED_AVAILABILITY = YES_AGGRESSIVE;
				CLANG_WARN_UNREACHABLE_CODE = YES;
				CLANG_WARN__DUPLICATE_METHOD_MATCH = YES;
				CODE_SIGN_IDENTITY = "iPhone Developer";
				COPY_PHASE_STRIP = NO;
				DEBUG_INFORMATION_FORMAT = dwarf;
				ENABLE_STRICT_OBJC_MSGSEND = YES;
				ENABLE_TESTABILITY = YES;
				GCC_C_LANGUAGE_STANDARD = gnu11;
				GCC_DYNAMIC_NO_PIC = NO;
				GCC_NO_COMMON_BLOCKS = YES;
				GCC_OPTIMIZATION_LEVEL = 0;
				GCC_PREPROCESSOR_DEFINITIONS = (
					"$(inherited)",
					"DEBUG=1",
				);
				GCC_WARN_64_TO_32_BIT_CONVERSION = YES;
				GCC_WARN_ABOUT_RETURN_TYPE = YES_ERROR;
				GCC_WARN_UNDECLARED_SELECTOR = YES;
				GCC_WARN_UNINITIALIZED_AUTOS = YES_AGGRESSIVE;
				GCC_WARN_UNUSED_FUNCTION = YES;
				GCC_WARN_UNUSED_VARIABLE = YES;
				IPHONEOS_DEPLOYMENT_TARGET = 17.0;
				MARKETING_VERSION = 1.0.0;
				MTL_ENABLE_DEBUG_INFO = INCLUDE_SOURCE;
				MTL_FAST_MATH = YES;
				ONLY_ACTIVE_ARCH = YES;
				PRODUCT_NAME = "$(TARGET_NAME)";
				SDKROOT = iphoneos;
				SWIFT_ACTIVE_COMPILATION_CONDITIONS = DEBUG;
				SWIFT_OPTIMIZATION_LEVEL = "-Onone";
				SWIFT_VERSION = 5.0;
				VERSIONING_SYSTEM = "apple-generic";
			};
			name = Debug;
		};
/* End XCBuildConfiguration section */

/* Begin XCConfigurationList section */
		4E5A32B48A4A739FF441ECBF /* Build configuration list for PBXNativeTarget "MBTests" */ = {
			isa = XCConfigurationList;
			buildConfigurations = (
				E4AB9D1B108F5CDEE7F6BF9D /* Debug */,
				937447147CA66648882A2E48 /* Release */,
			);
			defaultConfigurationIsVisible = 0;
			defaultConfigurationName = Debug;
		};
		A1CB1F97533133F67D3F14F9 /* Build configuration list for PBXNativeTarget "MB" */ = {
			isa = XCConfigurationList;
			buildConfigurations = (
				461DCBD64B53203391D5B429 /* Debug */,
				A7FD843979671D2C5991898A /* Release */,
			);
			defaultConfigurationIsVisible = 0;
			defaultConfigurationName = Debug;
		};
		D017C12DC18087EEC1326710 /* Build configuration list for PBXProject "MB" */ = {
			isa = XCConfigurationList;
			buildConfigurations = (
				ED818F5540E5022D49640D00 /* Debug */,
				099FD3B5E66C5405512BA8D2 /* Release */,
			);
			defaultConfigurationIsVisible = 0;
			defaultConfigurationName = Debug;
		};
/* End XCConfigurationList section */
	};
	rootObject = 7CC92098E65AB169694E83BF /* Project object */;
}
